{
    "_meta": {
        "hash": {
            "sha256": "ff183cec0f1b50fc48c47b91b25e49db68684523f12449d23e398a368f4f8fdc"
        },
        "pipfile-spec": 6,
        "requires": {
            "python_version": "3.6"
        },
        "sources": [
            {
                "name": "pypi",
                "url": "https://pypi.tuna.tsinghua.edu.cn/simple",
                "verify_ssl": true
            }
        ]
    },
    "default": {
        "django": {
            "hashes": [
                "sha256:75ce405d60f092f6adf904058d023eeea0e6d380f8d9c36134bac73da736023d",
                "sha256:8918e392530d8fc6965a56af6504229e7924c27265893f3949aa0529cd1d4b99"
            ],
            "index": "pypi",
            "version": "==1.11.7"
        },
        "djangorestframework": {
            "hashes": [
                "sha256:067960e5e9e5586d3b2d53a1d626c4800dc33cd8309487d404fc63355674556f",
                "sha256:79268055755125caaebface3acbe13150bbc3a83b78e9bf1a1abfde7ab0c5231"
            ],
            "index": "pypi",
            "version": "==3.7.3"
        },
        "pytz": {
            "hashes": [
                "sha256:83a4a90894bf38e243cf052c8b58f381bfe9a7a483f6a9cab140bc7f702ac4da",
                "sha256:eb10ce3e7736052ed3623d49975ce333bcd712c7bb19a58b9e2089d4057d0798"
            ],
            "version": "==2021.1"
        }
    },
    "develop": {}
}
